
Microsoft Visual Studio Solution File, Format Version 12.00
# Visual Studio Version 16
VisualStudioVersion = 16.0.31729.503
MinimumVisualStudioVersion = 10.0.40219.1
Project("{FAE04EC0-301F-11D3-BF4B-00C04F79EFBC}") = "MyTaskV1", "MyTaskV1\MyTaskV1.csproj", "{47F07E6C-26EE-45C4-BC86-8C9EAE306711}"
EndProject
Global
	GlobalSection(SolutionConfigurationPlatforms) = preSolution
		Debug|Any CPU = Debug|Any CPU
		Release|Any CPU = Release|Any CPU
	EndGlobalSection
	GlobalSection(ProjectConfigurationPlatforms) = postSolution
		{47F07E6C-26EE-45C4-BC86-8C9EAE306711}.Debug|Any CPU.ActiveCfg = Debug|Any CPU
		{47F07E6C-26EE-45C4-BC86-8C9EAE306711}.Debug|Any CPU.Build.0 = Debug|Any CPU
		{47F07E6C-26EE-45C4-BC86-8C9EAE306711}.Release|Any CPU.ActiveCfg = Release|Any CPU
		{47F07E6C-26EE-45C4-BC86-8C9EAE306711}.Release|Any CPU.Build.0 = Release|Any CPU
	EndGlobalSection
	GlobalSection(SolutionProperties) = preSolution
		HideSolutionNode = FALSE
	EndGlobalSection
	GlobalSection(ExtensibilityGlobals) = postSolution
		SolutionGuid = {AEE8EB81-713C-4AEE-BC13-9E9FBB563D51}
	EndGlobalSection
EndGlobal
